
Microsoft Visual Studio Solution File, Format Version 12.00
Project("{2150E333-8FDC-42A3-9474-1A3956D46DE8}") = "src", "src", "{0813FC32-D83F-4BFC-8A06-E90FD87041C9}"
EndProject
Project("{2150E333-8FDC-42A3-9474-1A3956D46DE8}") = "VkTask", "VkTask", "{8B97DB5D-3005-4CDB-B03F-6837D46698B4}"
EndProject
Project("{2150E333-8FDC-42A3-9474-1A3956D46DE8}") = "Application", "Application", "{E450C56D-2267-44E1-A68D-A26B0A93407E}"
EndProject
Project("{2150E333-8FDC-42A3-9474-1A3956D46DE8}") = "Contracts", "Contracts", "{FDEC2DE7-EAE6-4E66-A820-02CF8B0B35F5}"
EndProject
Project("{2150E333-8FDC-42A3-9474-1A3956D46DE8}") = "Domain", "Domain", "{05B497C3-62BA-4425-90FB-A4916D29E118}"
EndProject
Project("{2150E333-8FDC-42A3-9474-1A3956D46DE8}") = "Host", "Host", "{5623CE97-1D83-45B0-94D3-A9825DBA84ED}"
EndProject
Project("{2150E333-8FDC-42A3-9474-1A3956D46DE8}") = "Infrastructure", "Infrastructure", "{CD87ED64-C017-4E02-B269-AE04F8599BEB}"
EndProject
Project("{FAE04EC0-301F-11D3-BF4B-00C04F79EFBC}") = "VkTask.Application.AppData", "src\VkTask\Application\VkTask.Application.AppData\VkTask.Application.AppData.csproj", "{B8BD1E1E-A1A7-4B42-9D6F-791B47F6F5A3}"
EndProject
Project("{FAE04EC0-301F-11D3-BF4B-00C04F79EFBC}") = "VkTask.Contracts", "src\VkTask\Contracts\VkTask.Contracts\VkTask.Contracts.csproj", "{6B7535DC-8BAD-4FE0-A108-6417DE1D6F84}"
EndProject
Project("{FAE04EC0-301F-11D3-BF4B-00C04F79EFBC}") = "VkTask.Domain", "src\VkTask\Domain\VkTask.Domain\VkTask.Domain.csproj", "{43922094-9745-4245-939C-B737088A151A}"
EndProject
Project("{FAE04EC0-301F-11D3-BF4B-00C04F79EFBC}") = "VkTask.Infrastructure", "src\VkTask\Infrastructure\VkTask.Infrastructure\VkTask.Infrastructure.csproj", "{30AA1B28-C077-4273-B8E9-93C1C238986B}"
EndProject
Project("{FAE04EC0-301F-11D3-BF4B-00C04F79EFBC}") = "VkTask.Infrastructure.DataAccess", "src\VkTask\Infrastructure\VkTask.Infrastructure.DataAccess\VkTask.Infrastructure.DataAccess.csproj", "{18E92212-F849-4B5C-BCA2-2AAAB0B814E0}"
EndProject
Project("{FAE04EC0-301F-11D3-BF4B-00C04F79EFBC}") = "VkTask.Host.Api", "src\VkTask\Host\VkTask.Host.Api\VkTask.Host.Api.csproj", "{BA92F071-50F3-47FA-A725-3DFC7A61EBEE}"
EndProject
Project("{FAE04EC0-301F-11D3-BF4B-00C04F79EFBC}") = "VkTask.Host.Migrator", "src\VkTask\Host\VkTask.Host.Migrator\VkTask.Host.Migrator.csproj", "{D1128A87-EA40-44AA-AF2F-7215F87D5BBE}"
EndProject
Global
	GlobalSection(SolutionConfigurationPlatforms) = preSolution
		Debug|Any CPU = Debug|Any CPU
		Release|Any CPU = Release|Any CPU
	EndGlobalSection
	GlobalSection(ProjectConfigurationPlatforms) = postSolution
		{B8BD1E1E-A1A7-4B42-9D6F-791B47F6F5A3}.Debug|Any CPU.ActiveCfg = Debug|Any CPU
		{B8BD1E1E-A1A7-4B42-9D6F-791B47F6F5A3}.Debug|Any CPU.Build.0 = Debug|Any CPU
		{B8BD1E1E-A1A7-4B42-9D6F-791B47F6F5A3}.Release|Any CPU.ActiveCfg = Release|Any CPU
		{B8BD1E1E-A1A7-4B42-9D6F-791B47F6F5A3}.Release|Any CPU.Build.0 = Release|Any CPU
		{6B7535DC-8BAD-4FE0-A108-6417DE1D6F84}.Debug|Any CPU.ActiveCfg = Debug|Any CPU
		{6B7535DC-8BAD-4FE0-A108-6417DE1D6F84}.Debug|Any CPU.Build.0 = Debug|Any CPU
		{6B7535DC-8BAD-4FE0-A108-6417DE1D6F84}.Release|Any CPU.ActiveCfg = Release|Any CPU
		{6B7535DC-8BAD-4FE0-A108-6417DE1D6F84}.Release|Any CPU.Build.0 = Release|Any CPU
		{43922094-9745-4245-939C-B737088A151A}.Debug|Any CPU.ActiveCfg = Debug|Any CPU
		{43922094-9745-4245-939C-B737088A151A}.Debug|Any CPU.Build.0 = Debug|Any CPU
		{43922094-9745-4245-939C-B737088A151A}.Release|Any CPU.ActiveCfg = Release|Any CPU
		{43922094-9745-4245-939C-B737088A151A}.Release|Any CPU.Build.0 = Release|Any CPU
		{30AA1B28-C077-4273-B8E9-93C1C238986B}.Debug|Any CPU.ActiveCfg = Debug|Any CPU
		{30AA1B28-C077-4273-B8E9-93C1C238986B}.Debug|Any CPU.Build.0 = Debug|Any CPU
		{30AA1B28-C077-4273-B8E9-93C1C238986B}.Release|Any CPU.ActiveCfg = Release|Any CPU
		{30AA1B28-C077-4273-B8E9-93C1C238986B}.Release|Any CPU.Build.0 = Release|Any CPU
		{18E92212-F849-4B5C-BCA2-2AAAB0B814E0}.Debug|Any CPU.ActiveCfg = Debug|Any CPU
		{18E92212-F849-4B5C-BCA2-2AAAB0B814E0}.Debug|Any CPU.Build.0 = Debug|Any CPU
		{18E92212-F849-4B5C-BCA2-2AAAB0B814E0}.Release|Any CPU.ActiveCfg = Release|Any CPU
		{18E92212-F849-4B5C-BCA2-2AAAB0B814E0}.Release|Any CPU.Build.0 = Release|Any CPU
		{BA92F071-50F3-47FA-A725-3DFC7A61EBEE}.Debug|Any CPU.ActiveCfg = Debug|Any CPU
		{BA92F071-50F3-47FA-A725-3DFC7A61EBEE}.Debug|Any CPU.Build.0 = Debug|Any CPU
		{BA92F071-50F3-47FA-A725-3DFC7A61EBEE}.Release|Any CPU.ActiveCfg = Release|Any CPU
		{BA92F071-50F3-47FA-A725-3DFC7A61EBEE}.Release|Any CPU.Build.0 = Release|Any CPU
		{D1128A87-EA40-44AA-AF2F-7215F87D5BBE}.Debug|Any CPU.ActiveCfg = Debug|Any CPU
		{D1128A87-EA40-44AA-AF2F-7215F87D5BBE}.Debug|Any CPU.Build.0 = Debug|Any CPU
		{D1128A87-EA40-44AA-AF2F-7215F87D5BBE}.Release|Any CPU.ActiveCfg = Release|Any CPU
		{D1128A87-EA40-44AA-AF2F-7215F87D5BBE}.Release|Any CPU.Build.0 = Release|Any CPU
	EndGlobalSection
	GlobalSection(NestedProjects) = preSolution
		{8B97DB5D-3005-4CDB-B03F-6837D46698B4} = {0813FC32-D83F-4BFC-8A06-E90FD87041C9}
		{E450C56D-2267-44E1-A68D-A26B0A93407E} = {8B97DB5D-3005-4CDB-B03F-6837D46698B4}
		{FDEC2DE7-EAE6-4E66-A820-02CF8B0B35F5} = {8B97DB5D-3005-4CDB-B03F-6837D46698B4}
		{05B497C3-62BA-4425-90FB-A4916D29E118} = {8B97DB5D-3005-4CDB-B03F-6837D46698B4}
		{5623CE97-1D83-45B0-94D3-A9825DBA84ED} = {8B97DB5D-3005-4CDB-B03F-6837D46698B4}
		{CD87ED64-C017-4E02-B269-AE04F8599BEB} = {8B97DB5D-3005-4CDB-B03F-6837D46698B4}
		{B8BD1E1E-A1A7-4B42-9D6F-791B47F6F5A3} = {E450C56D-2267-44E1-A68D-A26B0A93407E}
		{6B7535DC-8BAD-4FE0-A108-6417DE1D6F84} = {FDEC2DE7-EAE6-4E66-A820-02CF8B0B35F5}
		{43922094-9745-4245-939C-B737088A151A} = {05B497C3-62BA-4425-90FB-A4916D29E118}
		{30AA1B28-C077-4273-B8E9-93C1C238986B} = {CD87ED64-C017-4E02-B269-AE04F8599BEB}
		{18E92212-F849-4B5C-BCA2-2AAAB0B814E0} = {CD87ED64-C017-4E02-B269-AE04F8599BEB}
		{BA92F071-50F3-47FA-A725-3DFC7A61EBEE} = {5623CE97-1D83-45B0-94D3-A9825DBA84ED}
		{D1128A87-EA40-44AA-AF2F-7215F87D5BBE} = {5623CE97-1D83-45B0-94D3-A9825DBA84ED}
	EndGlobalSection
EndGlobal
